// !$*UTF8*$!
{
	archiveVersion = 1;
	classes = {
	};
	objectVersion = 50;
	objects = {

/* Begin PBXBuildFile section */
		9119421D236A582000BF30F2 /* AppDelegate.swift in Sources */ = {isa = PBXBuildFile; fileRef = 9119421C236A582000BF30F2 /* AppDelegate.swift */; };
		9119421F236A582000BF30F2 /* SceneDelegate.swift in Sources */ = {isa = PBXBuildFile; fileRef = 9119421E236A582000BF30F2 /* SceneDelegate.swift */; };
		91194223236A582100BF30F2 /* Assets.xcassets in Resources */ = {isa = PBXBuildFile; fileRef = 91194222236A582100BF30F2 /* Assets.xcassets */; };
		91194226236A582100BF30F2 /* Preview Assets.xcassets in Resources */ = {isa = PBXBuildFile; fileRef = 91194225236A582100BF30F2 /* Preview Assets.xcassets */; };
		91194229236A582100BF30F2 /* LaunchScreen.storyboard in Resources */ = {isa = PBXBuildFile; fileRef = 91194227236A582100BF30F2 /* LaunchScreen.storyboard */; };
		91194232236A587100BF30F2 /* TodaysWeather.swift in Sources */ = {isa = PBXBuildFile; fileRef = 91194231236A587100BF30F2 /* TodaysWeather.swift */; };
		91194249236A84E200BF30F2 /* BackgroundGradient.swift in Sources */ = {isa = PBXBuildFile; fileRef = 91194248236A84E200BF30F2 /* BackgroundGradient.swift */; };
		9119424C236A851A00BF30F2 /* Palette.swift in Sources */ = {isa = PBXBuildFile; fileRef = 9119424B236A851A00BF30F2 /* Palette.swift */; };
		91194252236B409C00BF30F2 /* Header.swift in Sources */ = {isa = PBXBuildFile; fileRef = 91194251236B409C00BF30F2 /* Header.swift */; };
		91194255236B425600BF30F2 /* Hourly.swift in Sources */ = {isa = PBXBuildFile; fileRef = 91194254236B425600BF30F2 /* Hourly.swift */; };
		91194257236B440C00BF30F2 /* HourlyWeather.swift in Sources */ = {isa = PBXBuildFile; fileRef = 91194256236B440C00BF30F2 /* HourlyWeather.swift */; };
		91194259236B4B4E00BF30F2 /* ScrollingHourlyWeather.swift in Sources */ = {isa = PBXBuildFile; fileRef = 91194258236B4B4E00BF30F2 /* ScrollingHourlyWeather.swift */; };
		9119425B236B4C9D00BF30F2 /* DailyNavigationView.swift in Sources */ = {isa = PBXBuildFile; fileRef = 9119425A236B4C9D00BF30F2 /* DailyNavigationView.swift */; };
		9119425D236B4D3A00BF30F2 /* TodaysWeatherView.swift in Sources */ = {isa = PBXBuildFile; fileRef = 9119425C236B4D3A00BF30F2 /* TodaysWeatherView.swift */; };
/* End PBXBuildFile section */

/* Begin PBXFileReference section */
		91194219236A582000BF30F2 /* Weather.app */ = {isa = PBXFileReference; explicitFileType = wrapper.application; includeInIndex = 0; path = Weather.app; sourceTree = BUILT_PRODUCTS_DIR; };
		9119421C236A582000BF30F2 /* AppDelegate.swift */ = {isa = PBXFileReference; lastKnownFileType = sourcecode.swift; path = AppDelegate.swift; sourceTree = "<group>"; };
		9119421E236A582000BF30F2 /* SceneDelegate.swift */ = {isa = PBXFileReference; lastKnownFileType = sourcecode.swift; path = SceneDelegate.swift; sourceTree = "<group>"; };
		91194222236A582100BF30F2 /* Assets.xcassets */ = {isa = PBXFileReference; lastKnownFileType = folder.assetcatalog; path = Assets.xcassets; sourceTree = "<group>"; };
		91194225236A582100BF30F2 /* Preview Assets.xcassets */ = {isa = PBXFileReference; lastKnownFileType = folder.assetcatalog; path = "Preview Assets.xcassets"; sourceTree = "<group>"; };
		91194228236A582100BF30F2 /* Base */ = {isa = PBXFileReference; lastKnownFileType = file.storyboard; name = Base; path = Base.lproj/LaunchScreen.storyboard; sourceTree = "<group>"; };
		9119422A236A582100BF30F2 /* Info.plist */ = {isa = PBXFileReference; lastKnownFileType = text.plist.xml; path = Info.plist; sourceTree = "<group>"; };
		91194231236A587100BF30F2 /* TodaysWeather.swift */ = {isa = PBXFileReference; lastKnownFileType = sourcecode.swift; path = TodaysWeather.swift; sourceTree = "<group>"; };
		91194248236A84E200BF30F2 /* BackgroundGradient.swift */ = {isa = PBXFileReference; lastKnownFileType = sourcecode.swift; path = BackgroundGradient.swift; sourceTree = "<group>"; };
		9119424B236A851A00BF30F2 /* Palette.swift */ = {isa = PBXFileReference; lastKnownFileType = sourcecode.swift; path = Palette.swift; sourceTree = "<group>"; };
		91194251236B409C00BF30F2 /* Header.swift */ = {isa = PBXFileReference; lastKnownFileType = sourcecode.swift; path = Header.swift; sourceTree = "<group>"; };
		91194254236B425600BF30F2 /* Hourly.swift */ = {isa = PBXFileReference; lastKnownFileType = sourcecode.swift; path = Hourly.swift; sourceTree = "<group>"; };
		91194256236B440C00BF30F2 /* HourlyWeather.swift */ = {isa = PBXFileReference; lastKnownFileType = sourcecode.swift; path = HourlyWeather.swift; sourceTree = "<group>"; };
		91194258236B4B4E00BF30F2 /* ScrollingHourlyWeather.swift */ = {isa = PBXFileReference; lastKnownFileType = sourcecode.swift; path = ScrollingHourlyWeather.swift; sourceTree = "<group>"; };
		9119425A236B4C9D00BF30F2 /* DailyNavigationView.swift */ = {isa = PBXFileReference; lastKnownFileType = sourcecode.swift; path = DailyNavigationView.swift; sourceTree = "<group>"; };
		9119425C236B4D3A00BF30F2 /* TodaysWeatherView.swift */ = {isa = PBXFileReference; lastKnownFileType = sourcecode.swift; path = TodaysWeatherView.swift; sourceTree = "<group>"; };
/* End PBXFileReference section */

/* Begin PBXFrameworksBuildPhase section */
		91194216236A582000BF30F2 /* Frameworks */ = {
			isa = PBXFrameworksBuildPhase;
			buildActionMask = 2147483647;
			files = (
			);
			runOnlyForDeploymentPostprocessing = 0;
		};
/* End PBXFrameworksBuildPhase section */

/* Begin PBXGroup section */
		91194210236A582000BF30F2 = {
			isa = PBXGroup;
			children = (
				9119421B236A582000BF30F2 /* Weather */,
				9119421A236A582000BF30F2 /* Products */,
			);
			sourceTree = "<group>";
		};
		9119421A236A582000BF30F2 /* Products */ = {
			isa = PBXGroup;
			children = (
				91194219236A582000BF30F2 /* Weather.app */,
			);
			name = Products;
			sourceTree = "<group>";
		};
		9119421B236A582000BF30F2 /* Weather */ = {
			isa = PBXGroup;
			children = (
				91194253236B424A00BF30F2 /* Models */,
				9119424A236A850D00BF30F2 /* Utils */,
				91194247236A84D100BF30F2 /* Components */,
				91194230236A583300BF30F2 /* Scenes */,
				9119421C236A582000BF30F2 /* AppDelegate.swift */,
				9119421E236A582000BF30F2 /* SceneDelegate.swift */,
				91194222236A582100BF30F2 /* Assets.xcassets */,
				91194227236A582100BF30F2 /* LaunchScreen.storyboard */,
				9119422A236A582100BF30F2 /* Info.plist */,
				91194224236A582100BF30F2 /* Preview Content */,
			);
			path = Weather;
			sourceTree = "<group>";
		};
		91194224236A582100BF30F2 /* Preview Content */ = {
			isa = PBXGroup;
			children = (
				91194225236A582100BF30F2 /* Preview Assets.xcassets */,
			);
			path = "Preview Content";
			sourceTree = "<group>";
		};
		91194230236A583300BF30F2 /* Scenes */ = {
			isa = PBXGroup;
			children = (
				91194231236A587100BF30F2 /* TodaysWeather.swift */,
			);
			path = Scenes;
			sourceTree = "<group>";
		};
		91194247236A84D100BF30F2 /* Components */ = {
			isa = PBXGroup;
			children = (
				91194248236A84E200BF30F2 /* BackgroundGradient.swift */,
				91194251236B409C00BF30F2 /* Header.swift */,
				91194256236B440C00BF30F2 /* HourlyWeather.swift */,
				91194258236B4B4E00BF30F2 /* ScrollingHourlyWeather.swift */,
				9119425A236B4C9D00BF30F2 /* DailyNavigationView.swift */,
				9119425C236B4D3A00BF30F2 /* TodaysWeatherView.swift */,
			);
			path = Components;
			sourceTree = "<group>";
		};
		9119424A236A850D00BF30F2 /* Utils */ = {
			isa = PBXGroup;
			children = (
				9119424B236A851A00BF30F2 /* Palette.swift */,
			);
			path = Utils;
			sourceTree = "<group>";
		};
		91194253236B424A00BF30F2 /* Models */ = {
			isa = PBXGroup;
			children = (
				91194254236B425600BF30F2 /* Hourly.swift */,
			);
			path = Models;
			sourceTree = "<group>";
		};
/* End PBXGroup section */

/* Begin PBXNativeTarget section */
		91194218236A582000BF30F2 /* Weather */ = {
			isa = PBXNativeTarget;
			buildConfigurationList = 9119422D236A582100BF30F2 /* Build configuration list for PBXNativeTarget "Weather" */;
			buildPhases = (
				91194215236A582000BF30F2 /* Sources */,
				91194216236A582000BF30F2 /* Frameworks */,
				91194217236A582000BF30F2 /* Resources */,
			);
			buildRules = (
			);
			dependencies = (
			);
			name = Weather;
			productName = Weather;
			productReference = 91194219236A582000BF30F2 /* Weather.app */;
			productType = "com.apple.product-type.application";
		};
/* End PBXNativeTarget section */

/* Begin PBXProject section */
		91194211236A582000BF30F2 /* Project object */ = {
			isa = PBXProject;
			attributes = {
				LastSwiftUpdateCheck = 1110;
				LastUpgradeCheck = 1110;
				ORGANIZATIONNAME = "Adrian Hall";
				TargetAttributes = {
					91194218236A582000BF30F2 = {
						CreatedOnToolsVersion = 11.1;
					};
				};
			};
			buildConfigurationList = 91194214236A582000BF30F2 /* Build configuration list for PBXProject "Weather" */;
			compatibilityVersion = "Xcode 9.3";
			developmentRegion = en;
			hasScannedForEncodings = 0;
			knownRegions = (
				en,
				Base,
			);
			mainGroup = 91194210236A582000BF30F2;
			productRefGroup = 9119421A236A582000BF30F2 /* Products */;
			projectDirPath = "";
			projectRoot = "";
			targets = (
				91194218236A582000BF30F2 /* Weather */,
			);
		};
/* End PBXProject section */

/* Begin PBXResourcesBuildPhase section */
		91194217236A582000BF30F2 /* Resources */ = {
			isa = PBXResourcesBuildPhase;
			buildActionMask = 2147483647;
			files = (
				91194229236A582100BF30F2 /* LaunchScreen.storyboard in Resources */,
				91194226236A582100BF30F2 /* Preview Assets.xcassets in Resources */,
				91194223236A582100BF30F2 /* Assets.xcassets in Resources */,
			);
			runOnlyForDeploymentPostprocessing = 0;
		};
/* End PBXResourcesBuildPhase section */

/* Begin PBXSourcesBuildPhase section */
		91194215236A582000BF30F2 /* Sources */ = {
			isa = PBXSourcesBuildPhase;
			buildActionMask = 2147483647;
			files = (
				9119421D236A582000BF30F2 /* AppDelegate.swift in Sources */,
				91194257236B440C00BF30F2 /* HourlyWeather.swift in Sources */,
				91194249236A84E200BF30F2 /* BackgroundGradient.swift in Sources */,
				9119424C236A851A00BF30F2 /* Palette.swift in Sources */,
				9119425B236B4C9D00BF30F2 /* DailyNavigationView.swift in Sources */,
				9119421F236A582000BF30F2 /* SceneDelegate.swift in Sources */,
				91194252236B409C00BF30F2 /* Header.swift in Sources */,
				91194259236B4B4E00BF30F2 /* ScrollingHourlyWeather.swift in Sources */,
				91194232236A587100BF30F2 /* TodaysWeather.swift in Sources */,
				91194255236B425600BF30F2 /* Hourly.swift in Sources */,
				9119425D236B4D3A00BF30F2 /* TodaysWeatherView.swift in Sources */,
			);
			runOnlyForDeploymentPostprocessing = 0;
		};
/* End PBXSourcesBuildPhase section */

/* Begin PBXVariantGroup section */
		91194227236A582100BF30F2 /* LaunchScreen.storyboard */ = {
			isa = PBXVariantGroup;
			children = (
				91194228236A582100BF30F2 /* Base */,
			);
			name = LaunchScreen.storyboard;
			sourceTree = "<group>";
		};
/* End PBXVariantGroup section */

/* Begin XCBuildConfiguration section */
		9119422B236A582100BF30F2 /* Debug */ = {
			isa = XCBuildConfiguration;
			buildSettings = {
				ALWAYS_SEARCH_USER_PATHS = NO;
				CLANG_ANALYZER_NONNULL = YES;
				CLANG_ANALYZER_NUMBER_OBJECT_CONVERSION = YES_AGGRESSIVE;
				CLANG_CXX_LANGUAGE_STANDARD = "gnu++14";
				CLANG_CXX_LIBRARY = "libc++";
				CLANG_ENABLE_MODULES = YES;
				CLANG_ENABLE_OBJC_ARC = YES;
				CLANG_ENABLE_OBJC_WEAK = YES;
				CLANG_WARN_BLOCK_CAPTURE_AUTORELEASING = YES;
				CLANG_WARN_BOOL_CONVERSION = YES;
				CLANG_WARN_COMMA = YES;
				CLANG_WARN_CONSTANT_CONVERSION = YES;
				CLANG_WARN_DEPRECATED_OBJC_IMPLEMENTATIONS = YES;
				CLANG_WARN_DIRECT_OBJC_ISA_USAGE = YES_ERROR;
				CLANG_WARN_DOCUMENTATION_COMMENTS = YES;
				CLANG_WARN_EMPTY_BODY = YES;
				CLANG_WARN_ENUM_CONVERSION = YES;
				CLANG_WARN_INFINITE_RECURSION = YES;
				CLANG_WARN_INT_CONVERSION = YES;
				CLANG_WARN_NON_LITERAL_NULL_CONVERSION = YES;
				CLANG_WARN_OBJC_IMPLICIT_RETAIN_SELF = YES;
				CLANG_WARN_OBJC_LITERAL_CONVERSION = YES;
				CLANG_WARN_OBJC_ROOT_CLASS = YES_ERROR;
				CLANG_WARN_RANGE_LOOP_ANALYSIS = YES;
				CLANG_WARN_STRICT_PROTOTYPES = YES;
				CLANG_WARN_SUSPICIOUS_MOVE = YES;
				CLANG_WARN_UNGUARDED_AVAILABILITY = YES_AGGRESSIVE;
				CLANG_WARN_UNREACHABLE_CODE = YES;
				CLANG_WARN__DUPLICATE_METHOD_MATCH = YES;
				COPY_PHASE_STRIP = NO;
				DEBUG_INFORMATION_FORMAT = dwarf;
				ENABLE_STRICT_OBJC_MSGSEND = YES;
				ENABLE_TESTABILITY = YES;
				GCC_C_LANGUAGE_STANDARD = gnu11;
				GCC_DYNAMIC_NO_PIC = NO;
				GCC_NO_COMMON_BLOCKS = YES;
				GCC_OPTIMIZATION_LEVEL = 0;
				GCC_PREPROCESSOR_DEFINITIONS = (
					"DEBUG=1",
					"$(inherited)",
				);
				GCC_WARN_64_TO_32_BIT_CONVERSION = YES;
				GCC_WARN_ABOUT_RETURN_TYPE = YES_ERROR;
				GCC_WARN_UNDECLARED_SELECTOR = YES;
				GCC_WARN_UNINITIALIZED_AUTOS = YES_AGGRESSIVE;
				GCC_WARN_UNUSED_FUNCTION = YES;
				GCC_WARN_UNUSED_VARIABLE = YES;
				IPHONEOS_DEPLOYMENT_TARGET = 13.1;
				MTL_ENABLE_DEBUG_INFO = INCLUDE_SOURCE;
				MTL_FAST_MATH = YES;
				ONLY_ACTIVE_ARCH = YES;
				SDKROOT = iphoneos;
				SWIFT_ACTIVE_COMPILATION_CONDITIONS = DEBUG;
				SWIFT_OPTIMIZATION_LEVEL = "-Onone";
			};
			name = Debug;
		};
		9119422C236A582100BF30F2 /* Release */ = {
			isa = XCBuildConfiguration;
			buildSettings = {
				ALWAYS_SEARCH_USER_PATHS = NO;
				CLANG_ANALYZER_NONNULL = YES;
				CLANG_ANALYZER_NUMBER_OBJECT_CONVERSION = YES_AGGRESSIVE;
				CLANG_CXX_LANGUAGE_STANDARD = "gnu++14";
				CLANG_CXX_LIBRARY = "libc++";
				CLANG_ENABLE_MODULES = YES;
				CLANG_ENABLE_OBJC_ARC = YES;
				CLANG_ENABLE_OBJC_WEAK = YES;
				CLANG_WARN_BLOCK_CAPTURE_AUTORELEASING = YES;
				CLANG_WARN_BOOL_CONVERSION = YES;
				CLANG_WARN_COMMA = YES;
				CLANG_WARN_CONSTANT_CONVERSION = YES;
				CLANG_WARN_DEPRECATED_OBJC_IMPLEMENTATIONS = YES;
				CLANG_WARN_DIRECT_OBJC_ISA_USAGE = YES_ERROR;
				CLANG_WARN_DOCUMENTATION_COMMENTS = YES;
				CLANG_WARN_EMPTY_BODY = YES;
				CLANG_WARN_ENUM_CONVERSION = YES;
				CLANG_WARN_INFINITE_RECURSION = YES;
				CLANG_WARN_INT_CONVERSION = YES;
				CLANG_WARN_NON_LITERAL_NULL_CONVERSION = YES;
				CLANG_WARN_OBJC_IMPLICIT_RETAIN_SELF = YES;
				CLANG_WARN_OBJC_LITERAL_CONVERSION = YES;
				CLANG_WARN_OBJC_ROOT_CLASS = YES_ERROR;
				CLANG_WARN_RANGE_LOOP_ANALYSIS = YES;
				CLANG_WARN_STRICT_PROTOTYPES = YES;
				CLANG_WARN_SUSPICIOUS_MOVE = YES;
				CLANG_WARN_UNGUARDED_AVAILABILITY = YES_AGGRESSIVE;
				CLANG_WARN_UNREACHABLE_CODE = YES;
				CLANG_WARN__DUPLICATE_METHOD_MATCH = YES;
				COPY_PHASE_STRIP = NO;
				DEBUG_INFORMATION_FORMAT = "dwarf-with-dsym";
				ENABLE_NS_ASSERTIONS = NO;
				ENABLE_STRICT_OBJC_MSGSEND = YES;
				GCC_C_LANGUAGE_STANDARD = gnu11;
				GCC_NO_COMMON_BLOCKS = YES;
				GCC_WARN_64_TO_32_BIT_CONVERSION = YES;
				GCC_WARN_ABOUT_RETURN_TYPE = YES_ERROR;
				GCC_WARN_UNDECLARED_SELECTOR = YES;
				GCC_WARN_UNINITIALIZED_AUTOS = YES_AGGRESSIVE;
				GCC_WARN_UNUSED_FUNCTION = YES;
				GCC_WARN_UNUSED_VARIABLE = YES;
				IPHONEOS_DEPLOYMENT_TARGET = 13.1;
				MTL_ENABLE_DEBUG_INFO = NO;
				MTL_FAST_MATH = YES;
				SDKROOT = iphoneos;
				SWIFT_COMPILATION_MODE = wholemodule;
				SWIFT_OPTIMIZATION_LEVEL = "-O";
				VALIDATE_PRODUCT = YES;
			};
			name = Release;
		};
		9119422E236A582100BF30F2 /* Debug */ = {
			isa = XCBuildConfiguration;
			buildSettings = {
				ASSETCATALOG_COMPILER_APPICON_NAME = AppIcon;
				CODE_SIGN_STYLE = Automatic;
				DEVELOPMENT_ASSET_PATHS = "\"Weather/Preview Content\"";
				DEVELOPMENT_TEAM = A2J9U3N7JD;
				ENABLE_PREVIEWS = YES;
				INFOPLIST_FILE = Weather/Info.plist;
				LD_RUNPATH_SEARCH_PATHS = (
					"$(inherited)",
					"@executable_path/Frameworks",
				);
				PRODUCT_BUNDLE_IDENTIFIER = com.github.adrianhall.Weather;
				PRODUCT_NAME = "$(TARGET_NAME)";
				SWIFT_VERSION = 5.0;
				TARGETED_DEVICE_FAMILY = "1,2";
			};
			name = Debug;
		};
		9119422F236A582100BF30F2 /* Release */ = {
			isa = XCBuildConfiguration;
			buildSettings = {
				ASSETCATALOG_COMPILER_APPICON_NAME = AppIcon;
				CODE_SIGN_STYLE = Automatic;
				DEVELOPMENT_ASSET_PATHS = "\"Weather/Preview Content\"";
				DEVELOPMENT_TEAM = A2J9U3N7JD;
				ENABLE_PREVIEWS = YES;
				INFOPLIST_FILE = Weather/Info.plist;
				LD_RUNPATH_SEARCH_PATHS = (
					"$(inherited)",
					"@executable_path/Frameworks",
				);
				PRODUCT_BUNDLE_IDENTIFIER = com.github.adrianhall.Weather;
				PRODUCT_NAME = "$(TARGET_NAME)";
				SWIFT_VERSION = 5.0;
				TARGETED_DEVICE_FAMILY = "1,2";
			};
			name = Release;
		};
/* End XCBuildConfiguration section */

/* Begin XCConfigurationList section */
		91194214236A582000BF30F2 /* Build configuration list for PBXProject "Weather" */ = {
			isa = XCConfigurationList;
			buildConfigurations = (
				9119422B236A582100BF30F2 /* Debug */,
				9119422C236A582100BF30F2 /* Release */,
			);
			defaultConfigurationIsVisible = 0;
			defaultConfigurationName = Release;
		};
		9119422D236A582100BF30F2 /* Build configuration list for PBXNativeTarget "Weather" */ = {
			isa = XCConfigurationList;
			buildConfigurations = (
				9119422E236A582100BF30F2 /* Debug */,
				9119422F236A582100BF30F2 /* Release */,
			);
			defaultConfigurationIsVisible = 0;
			defaultConfigurationName = Release;
		};
/* End XCConfigurationList section */
	};
	rootObject = 91194211236A582000BF30F2 /* Project object */;
}
